
Microsoft Visual Studio Solution File, Format Version 12.00
# Visual Studio 15
VisualStudioVersion = 15.0.28010.2050
MinimumVisualStudioVersion = 10.0.40219.1
Project("{FAE04EC0-301F-11D3-BF4B-00C04F79EFBC}") = "1_AuthenticationFilter", "1_AuthenticationFilter\1_AuthenticationFilter.csproj", "{88CBE167-73BC-46B2-99AB-67E155023527}"
EndProject
Global
	GlobalSection(SolutionConfigurationPlatforms) = preSolution
		Debug|Any CPU = Debug|Any CPU
		Release|Any CPU = Release|Any CPU
	EndGlobalSection
	GlobalSection(ProjectConfigurationPlatforms) = postSolution
		{88CBE167-73BC-46B2-99AB-67E155023527}.Debug|Any CPU.ActiveCfg = Debug|Any CPU
		{88CBE167-73BC-46B2-99AB-67E155023527}.Debug|Any CPU.Build.0 = Debug|Any CPU
		{88CBE167-73BC-46B2-99AB-67E155023527}.Release|Any CPU.ActiveCfg = Release|Any CPU
		{88CBE167-73BC-46B2-99AB-67E155023527}.Release|Any CPU.Build.0 = Release|Any CPU
	EndGlobalSection
	GlobalSection(SolutionProperties) = preSolution
		HideSolutionNode = FALSE
	EndGlobalSection
	GlobalSection(ExtensibilityGlobals) = postSolution
		SolutionGuid = {D6C0F29C-B25B-4228-A1BE-F3F5D324FCEC}
	EndGlobalSection
EndGlobal
